// !$*UTF8*$!
{
	archiveVersion = 1;
	classes = {
	};
	objectVersion = 56;
	objects = {

/* Begin PBXBuildFile section */
		8C839FE82C4AEE04005B4D35 /* AppDelegate.swift in Sources */ = {isa = PBXBuildFile; fileRef = 8C839FE72C4AEE04005B4D35 /* AppDelegate.swift */; };
		8C839FEA2C4AEE04005B4D35 /* SceneDelegate.swift in Sources */ = {isa = PBXBuildFile; fileRef = 8C839FE92C4AEE04005B4D35 /* SceneDelegate.swift */; };
		8C839FEC2C4AEE04005B4D35 /* ViewController.swift in Sources */ = {isa = PBXBuildFile; fileRef = 8C839FEB2C4AEE04005B4D35 /* ViewController.swift */; };
		8C839FEF2C4AEE04005B4D35 /* Base in Resources */ = {isa = PBXBuildFile; fileRef = 8C839FEE2C4AEE04005B4D35 /* Base */; };
		8C839FF12C4AEE06005B4D35 /* Assets.xcassets in Resources */ = {isa = PBXBuildFile; fileRef = 8C839FF02C4AEE06005B4D35 /* Assets.xcassets */; };
		8C839FF42C4AEE06005B4D35 /* Base in Resources */ = {isa = PBXBuildFile; fileRef = 8C839FF32C4AEE06005B4D35 /* Base */; };
		8C839FFD2C4AEEA9005B4D35 /* Swinject in Frameworks */ = {isa = PBXBuildFile; productRef = 8C839FFC2C4AEEA9005B4D35 /* Swinject */; };
		8C839FFF2C4AEF19005B4D35 /* AppContainer.swift in Sources */ = {isa = PBXBuildFile; fileRef = 8C839FFE2C4AEF19005B4D35 /* AppContainer.swift */; };
		8C83A0022C4B074D005B4D35 /* HTTPRequest.swift in Sources */ = {isa = PBXBuildFile; fileRef = 8C83A0012C4B074D005B4D35 /* HTTPRequest.swift */; };
		8C83A0042C4B0760005B4D35 /* BasicHTTPRequest.swift in Sources */ = {isa = PBXBuildFile; fileRef = 8C83A0032C4B0760005B4D35 /* BasicHTTPRequest.swift */; };
		8C83A0062C4B0779005B4D35 /* JSONHTTPRequest.swift in Sources */ = {isa = PBXBuildFile; fileRef = 8C83A0052C4B0779005B4D35 /* JSONHTTPRequest.swift */; };
		8C83A0082C4B0799005B4D35 /* NetworkClient.swift in Sources */ = {isa = PBXBuildFile; fileRef = 8C83A0072C4B0799005B4D35 /* NetworkClient.swift */; };
		8C83A00A2C4B082B005B4D35 /* URLSessionNetworkClient.swift in Sources */ = {isa = PBXBuildFile; fileRef = 8C83A0092C4B082B005B4D35 /* URLSessionNetworkClient.swift */; };
		8C83A00C2C4B0892005B4D35 /* DefaultNetworkService.swift in Sources */ = {isa = PBXBuildFile; fileRef = 8C83A00B2C4B0892005B4D35 /* DefaultNetworkService.swift */; };
		8C83A00E2C4B09F5005B4D35 /* AppetizersMenuItem.swift in Sources */ = {isa = PBXBuildFile; fileRef = 8C83A00D2C4B09F5005B4D35 /* AppetizersMenuItem.swift */; };
		8C83A0102C4B0A44005B4D35 /* DataContracts.swift in Sources */ = {isa = PBXBuildFile; fileRef = 8C83A00F2C4B0A44005B4D35 /* DataContracts.swift */; };
		8C83A0122C4B0A59005B4D35 /* DefaultDataPresenter.swift in Sources */ = {isa = PBXBuildFile; fileRef = 8C83A0112C4B0A59005B4D35 /* DefaultDataPresenter.swift */; };
		8C83A0142C4B0BF1005B4D35 /* DataViewController.swift in Sources */ = {isa = PBXBuildFile; fileRef = 8C83A0132C4B0BF1005B4D35 /* DataViewController.swift */; };
		8C83A0172C4B1C0F005B4D35 /* JSONDecoderService.swift in Sources */ = {isa = PBXBuildFile; fileRef = 8C83A0162C4B1C0F005B4D35 /* JSONDecoderService.swift */; };
/* End PBXBuildFile section */

/* Begin PBXFileReference section */
		8C839FE42C4AEE04005B4D35 /* DependencyInjectionAndSwinject.app */ = {isa = PBXFileReference; explicitFileType = wrapper.application; includeInIndex = 0; path = DependencyInjectionAndSwinject.app; sourceTree = BUILT_PRODUCTS_DIR; };
		8C839FE72C4AEE04005B4D35 /* AppDelegate.swift */ = {isa = PBXFileReference; lastKnownFileType = sourcecode.swift; path = AppDelegate.swift; sourceTree = "<group>"; };
		8C839FE92C4AEE04005B4D35 /* SceneDelegate.swift */ = {isa = PBXFileReference; lastKnownFileType = sourcecode.swift; path = SceneDelegate.swift; sourceTree = "<group>"; };
		8C839FEB2C4AEE04005B4D35 /* ViewController.swift */ = {isa = PBXFileReference; lastKnownFileType = sourcecode.swift; path = ViewController.swift; sourceTree = "<group>"; };
		8C839FEE2C4AEE04005B4D35 /* Base */ = {isa = PBXFileReference; lastKnownFileType = file.storyboard; name = Base; path = Base.lproj/Main.storyboard; sourceTree = "<group>"; };
		8C839FF02C4AEE06005B4D35 /* Assets.xcassets */ = {isa = PBXFileReference; lastKnownFileType = folder.assetcatalog; path = Assets.xcassets; sourceTree = "<group>"; };
		8C839FF32C4AEE06005B4D35 /* Base */ = {isa = PBXFileReference; lastKnownFileType = file.storyboard; name = Base; path = Base.lproj/LaunchScreen.storyboard; sourceTree = "<group>"; };
		8C839FF52C4AEE06005B4D35 /* Info.plist */ = {isa = PBXFileReference; lastKnownFileType = text.plist.xml; path = Info.plist; sourceTree = "<group>"; };
		8C839FFE2C4AEF19005B4D35 /* AppContainer.swift */ = {isa = PBXFileReference; lastKnownFileType = sourcecode.swift; path = AppContainer.swift; sourceTree = "<group>"; };
		8C83A0012C4B074D005B4D35 /* HTTPRequest.swift */ = {isa = PBXFileReference; lastKnownFileType = sourcecode.swift; path = HTTPRequest.swift; sourceTree = "<group>"; };
		8C83A0032C4B0760005B4D35 /* BasicHTTPRequest.swift */ = {isa = PBXFileReference; lastKnownFileType = sourcecode.swift; path = BasicHTTPRequest.swift; sourceTree = "<group>"; };
		8C83A0052C4B0779005B4D35 /* JSONHTTPRequest.swift */ = {isa = PBXFileReference; lastKnownFileType = sourcecode.swift; path = JSONHTTPRequest.swift; sourceTree = "<group>"; };
		8C83A0072C4B0799005B4D35 /* NetworkClient.swift */ = {isa = PBXFileReference; lastKnownFileType = sourcecode.swift; path = NetworkClient.swift; sourceTree = "<group>"; };
		8C83A0092C4B082B005B4D35 /* URLSessionNetworkClient.swift */ = {isa = PBXFileReference; lastKnownFileType = sourcecode.swift; path = URLSessionNetworkClient.swift; sourceTree = "<group>"; };
		8C83A00B2C4B0892005B4D35 /* DefaultNetworkService.swift */ = {isa = PBXFileReference; lastKnownFileType = sourcecode.swift; path = DefaultNetworkService.swift; sourceTree = "<group>"; };
		8C83A00D2C4B09F5005B4D35 /* AppetizersMenuItem.swift */ = {isa = PBXFileReference; lastKnownFileType = sourcecode.swift; path = AppetizersMenuItem.swift; sourceTree = "<group>"; };
		8C83A00F2C4B0A44005B4D35 /* DataContracts.swift */ = {isa = PBXFileReference; lastKnownFileType = sourcecode.swift; path = DataContracts.swift; sourceTree = "<group>"; };
		8C83A0112C4B0A59005B4D35 /* DefaultDataPresenter.swift */ = {isa = PBXFileReference; lastKnownFileType = sourcecode.swift; path = DefaultDataPresenter.swift; sourceTree = "<group>"; };
		8C83A0132C4B0BF1005B4D35 /* DataViewController.swift */ = {isa = PBXFileReference; lastKnownFileType = sourcecode.swift; path = DataViewController.swift; sourceTree = "<group>"; };
		8C83A0162C4B1C0F005B4D35 /* JSONDecoderService.swift */ = {isa = PBXFileReference; lastKnownFileType = sourcecode.swift; path = JSONDecoderService.swift; sourceTree = "<group>"; };
/* End PBXFileReference section */

/* Begin PBXFrameworksBuildPhase section */
		8C839FE12C4AEE04005B4D35 /* Frameworks */ = {
			isa = PBXFrameworksBuildPhase;
			buildActionMask = 2147483647;
			files = (
				8C839FFD2C4AEEA9005B4D35 /* Swinject in Frameworks */,
			);
			runOnlyForDeploymentPostprocessing = 0;
		};
/* End PBXFrameworksBuildPhase section */

/* Begin PBXGroup section */
		8C839FDB2C4AEE04005B4D35 = {
			isa = PBXGroup;
			children = (
				8C839FE62C4AEE04005B4D35 /* DependencyInjectionAndSwinject */,
				8C839FE52C4AEE04005B4D35 /* Products */,
			);
			sourceTree = "<group>";
		};
		8C839FE52C4AEE04005B4D35 /* Products */ = {
			isa = PBXGroup;
			children = (
				8C839FE42C4AEE04005B4D35 /* DependencyInjectionAndSwinject.app */,
			);
			name = Products;
			sourceTree = "<group>";
		};
		8C839FE62C4AEE04005B4D35 /* DependencyInjectionAndSwinject */ = {
			isa = PBXGroup;
			children = (
				8C839FFE2C4AEF19005B4D35 /* AppContainer.swift */,
				8C839FE72C4AEE04005B4D35 /* AppDelegate.swift */,
				8C839FF02C4AEE06005B4D35 /* Assets.xcassets */,
				8C83A0152C4B0BF7005B4D35 /* Data View Controller */,
				8C839FF52C4AEE06005B4D35 /* Info.plist */,
				8C839FF22C4AEE06005B4D35 /* LaunchScreen.storyboard */,
				8C839FED2C4AEE04005B4D35 /* Main.storyboard */,
				8C83A0002C4AEFA8005B4D35 /* Networking */,
				8C839FE92C4AEE04005B4D35 /* SceneDelegate.swift */,
				8C839FEB2C4AEE04005B4D35 /* ViewController.swift */,
			);
			path = DependencyInjectionAndSwinject;
			sourceTree = "<group>";
		};
		8C83A0002C4AEFA8005B4D35 /* Networking */ = {
			isa = PBXGroup;
			children = (
				8C83A0012C4B074D005B4D35 /* HTTPRequest.swift */,
				8C83A0032C4B0760005B4D35 /* BasicHTTPRequest.swift */,
				8C83A0052C4B0779005B4D35 /* JSONHTTPRequest.swift */,
				8C83A0072C4B0799005B4D35 /* NetworkClient.swift */,
				8C83A0092C4B082B005B4D35 /* URLSessionNetworkClient.swift */,
				8C83A00B2C4B0892005B4D35 /* DefaultNetworkService.swift */,
				8C83A0162C4B1C0F005B4D35 /* JSONDecoderService.swift */,
			);
			path = Networking;
			sourceTree = "<group>";
		};
		8C83A0152C4B0BF7005B4D35 /* Data View Controller */ = {
			isa = PBXGroup;
			children = (
				8C83A00D2C4B09F5005B4D35 /* AppetizersMenuItem.swift */,
				8C83A00F2C4B0A44005B4D35 /* DataContracts.swift */,
				8C83A0112C4B0A59005B4D35 /* DefaultDataPresenter.swift */,
				8C83A0132C4B0BF1005B4D35 /* DataViewController.swift */,
			);
			path = "Data View Controller";
			sourceTree = "<group>";
		};
/* End PBXGroup section */

/* Begin PBXNativeTarget section */
		8C839FE32C4AEE04005B4D35 /* DependencyInjectionAndSwinject */ = {
			isa = PBXNativeTarget;
			buildConfigurationList = 8C839FF82C4AEE06005B4D35 /* Build configuration list for PBXNativeTarget "DependencyInjectionAndSwinject" */;
			buildPhases = (
				8C839FE02C4AEE04005B4D35 /* Sources */,
				8C839FE12C4AEE04005B4D35 /* Frameworks */,
				8C839FE22C4AEE04005B4D35 /* Resources */,
			);
			buildRules = (
			);
			dependencies = (
			);
			name = DependencyInjectionAndSwinject;
			packageProductDependencies = (
				8C839FFC2C4AEEA9005B4D35 /* Swinject */,
			);
			productName = DependencyInjectionAndSwinject;
			productReference = 8C839FE42C4AEE04005B4D35 /* DependencyInjectionAndSwinject.app */;
			productType = "com.apple.product-type.application";
		};
/* End PBXNativeTarget section */

/* Begin PBXProject section */
		8C839FDC2C4AEE04005B4D35 /* Project object */ = {
			isa = PBXProject;
			attributes = {
				BuildIndependentTargetsInParallel = 1;
				LastSwiftUpdateCheck = 1540;
				LastUpgradeCheck = 1540;
				TargetAttributes = {
					8C839FE32C4AEE04005B4D35 = {
						CreatedOnToolsVersion = 15.4;
					};
				};
			};
			buildConfigurationList = 8C839FDF2C4AEE04005B4D35 /* Build configuration list for PBXProject "DependencyInjectionAndSwinject" */;
			compatibilityVersion = "Xcode 14.0";
			developmentRegion = en;
			hasScannedForEncodings = 0;
			knownRegions = (
				en,
				Base,
			);
			mainGroup = 8C839FDB2C4AEE04005B4D35;
			packageReferences = (
				8C839FFB2C4AEEA9005B4D35 /* XCRemoteSwiftPackageReference "Swinject" */,
			);
			productRefGroup = 8C839FE52C4AEE04005B4D35 /* Products */;
			projectDirPath = "";
			projectRoot = "";
			targets = (
				8C839FE32C4AEE04005B4D35 /* DependencyInjectionAndSwinject */,
			);
		};
/* End PBXProject section */

/* Begin PBXResourcesBuildPhase section */
		8C839FE22C4AEE04005B4D35 /* Resources */ = {
			isa = PBXResourcesBuildPhase;
			buildActionMask = 2147483647;
			files = (
				8C839FF12C4AEE06005B4D35 /* Assets.xcassets in Resources */,
				8C839FF42C4AEE06005B4D35 /* Base in Resources */,
				8C839FEF2C4AEE04005B4D35 /* Base in Resources */,
			);
			runOnlyForDeploymentPostprocessing = 0;
		};
/* End PBXResourcesBuildPhase section */

/* Begin PBXSourcesBuildPhase section */
		8C839FE02C4AEE04005B4D35 /* Sources */ = {
			isa = PBXSourcesBuildPhase;
			buildActionMask = 2147483647;
			files = (
				8C83A0122C4B0A59005B4D35 /* DefaultDataPresenter.swift in Sources */,
				8C83A0042C4B0760005B4D35 /* BasicHTTPRequest.swift in Sources */,
				8C839FEC2C4AEE04005B4D35 /* ViewController.swift in Sources */,
				8C839FFF2C4AEF19005B4D35 /* AppContainer.swift in Sources */,
				8C83A0022C4B074D005B4D35 /* HTTPRequest.swift in Sources */,
				8C83A0102C4B0A44005B4D35 /* DataContracts.swift in Sources */,
				8C83A0172C4B1C0F005B4D35 /* JSONDecoderService.swift in Sources */,
				8C83A00C2C4B0892005B4D35 /* DefaultNetworkService.swift in Sources */,
				8C83A0062C4B0779005B4D35 /* JSONHTTPRequest.swift in Sources */,
				8C83A0142C4B0BF1005B4D35 /* DataViewController.swift in Sources */,
				8C839FE82C4AEE04005B4D35 /* AppDelegate.swift in Sources */,
				8C839FEA2C4AEE04005B4D35 /* SceneDelegate.swift in Sources */,
				8C83A00E2C4B09F5005B4D35 /* AppetizersMenuItem.swift in Sources */,
				8C83A00A2C4B082B005B4D35 /* URLSessionNetworkClient.swift in Sources */,
				8C83A0082C4B0799005B4D35 /* NetworkClient.swift in Sources */,
			);
			runOnlyForDeploymentPostprocessing = 0;
		};
/* End PBXSourcesBuildPhase section */

/* Begin PBXVariantGroup section */
		8C839FED2C4AEE04005B4D35 /* Main.storyboard */ = {
			isa = PBXVariantGroup;
			children = (
				8C839FEE2C4AEE04005B4D35 /* Base */,
			);
			name = Main.storyboard;
			sourceTree = "<group>";
		};
		8C839FF22C4AEE06005B4D35 /* LaunchScreen.storyboard */ = {
			isa = PBXVariantGroup;
			children = (
				8C839FF32C4AEE06005B4D35 /* Base */,
			);
			name = LaunchScreen.storyboard;
			sourceTree = "<group>";
		};
/* End PBXVariantGroup section */

/* Begin XCBuildConfiguration section */
		8C839FF62C4AEE06005B4D35 /* Debug */ = {
			isa = XCBuildConfiguration;
			buildSettings = {
				ALWAYS_SEARCH_USER_PATHS = NO;
				ASSETCATALOG_COMPILER_GENERATE_SWIFT_ASSET_SYMBOL_EXTENSIONS = YES;
				CLANG_ANALYZER_NONNULL = YES;
				CLANG_ANALYZER_NUMBER_OBJECT_CONVERSION = YES_AGGRESSIVE;
				CLANG_CXX_LANGUAGE_STANDARD = "gnu++20";
				CLANG_ENABLE_MODULES = YES;
				CLANG_ENABLE_OBJC_ARC = YES;
				CLANG_ENABLE_OBJC_WEAK = YES;
				CLANG_WARN_BLOCK_CAPTURE_AUTORELEASING = YES;
				CLANG_WARN_BOOL_CONVERSION = YES;
				CLANG_WARN_COMMA = YES;
				CLANG_WARN_CONSTANT_CONVERSION = YES;
				CLANG_WARN_DEPRECATED_OBJC_IMPLEMENTATIONS = YES;
				CLANG_WARN_DIRECT_OBJC_ISA_USAGE = YES_ERROR;
				CLANG_WARN_DOCUMENTATION_COMMENTS = YES;
				CLANG_WARN_EMPTY_BODY = YES;
				CLANG_WARN_ENUM_CONVERSION = YES;
				CLANG_WARN_INFINITE_RECURSION = YES;
				CLANG_WARN_INT_CONVERSION = YES;
				CLANG_WARN_NON_LITERAL_NULL_CONVERSION = YES;
				CLANG_WARN_OBJC_IMPLICIT_RETAIN_SELF = YES;
				CLANG_WARN_OBJC_LITERAL_CONVERSION = YES;
				CLANG_WARN_OBJC_ROOT_CLASS = YES_ERROR;
				CLANG_WARN_QUOTED_INCLUDE_IN_FRAMEWORK_HEADER = YES;
				CLANG_WARN_RANGE_LOOP_ANALYSIS = YES;
				CLANG_WARN_STRICT_PROTOTYPES = YES;
				CLANG_WARN_SUSPICIOUS_MOVE = YES;
				CLANG_WARN_UNGUARDED_AVAILABILITY = YES_AGGRESSIVE;
				CLANG_WARN_UNREACHABLE_CODE = YES;
				CLANG_WARN__DUPLICATE_METHOD_MATCH = YES;
				COPY_PHASE_STRIP = NO;
				DEBUG_INFORMATION_FORMAT = dwarf;
				ENABLE_STRICT_OBJC_MSGSEND = YES;
				ENABLE_TESTABILITY = YES;
				ENABLE_USER_SCRIPT_SANDBOXING = YES;
				GCC_C_LANGUAGE_STANDARD = gnu17;
				GCC_DYNAMIC_NO_PIC = NO;
				GCC_NO_COMMON_BLOCKS = YES;
				GCC_OPTIMIZATION_LEVEL = 0;
				GCC_PREPROCESSOR_DEFINITIONS = (
					"DEBUG=1",
					"$(inherited)",
				);
				GCC_WARN_64_TO_32_BIT_CONVERSION = YES;
				GCC_WARN_ABOUT_RETURN_TYPE = YES_ERROR;
				GCC_WARN_UNDECLARED_SELECTOR = YES;
				GCC_WARN_UNINITIALIZED_AUTOS = YES_AGGRESSIVE;
				GCC_WARN_UNUSED_FUNCTION = YES;
				GCC_WARN_UNUSED_VARIABLE = YES;
				IPHONEOS_DEPLOYMENT_TARGET = 17.5;
				LOCALIZATION_PREFERS_STRING_CATALOGS = YES;
				MTL_ENABLE_DEBUG_INFO = INCLUDE_SOURCE;
				MTL_FAST_MATH = YES;
				ONLY_ACTIVE_ARCH = YES;
				SDKROOT = iphoneos;
				SWIFT_ACTIVE_COMPILATION_CONDITIONS = "DEBUG $(inherited)";
				SWIFT_OPTIMIZATION_LEVEL = "-Onone";
			};
			name = Debug;
		};
		8C839FF72C4AEE06005B4D35 /* Release */ = {
			isa = XCBuildConfiguration;
			buildSettings = {
				ALWAYS_SEARCH_USER_PATHS = NO;
				ASSETCATALOG_COMPILER_GENERATE_SWIFT_ASSET_SYMBOL_EXTENSIONS = YES;
				CLANG_ANALYZER_NONNULL = YES;
				CLANG_ANALYZER_NUMBER_OBJECT_CONVERSION = YES_AGGRESSIVE;
				CLANG_CXX_LANGUAGE_STANDARD = "gnu++20";
				CLANG_ENABLE_MODULES = YES;
				CLANG_ENABLE_OBJC_ARC = YES;
				CLANG_ENABLE_OBJC_WEAK = YES;
				CLANG_WARN_BLOCK_CAPTURE_AUTORELEASING = YES;
				CLANG_WARN_BOOL_CONVERSION = YES;
				CLANG_WARN_COMMA = YES;
				CLANG_WARN_CONSTANT_CONVERSION = YES;
				CLANG_WARN_DEPRECATED_OBJC_IMPLEMENTATIONS = YES;
				CLANG_WARN_DIRECT_OBJC_ISA_USAGE = YES_ERROR;
				CLANG_WARN_DOCUMENTATION_COMMENTS = YES;
				CLANG_WARN_EMPTY_BODY = YES;
				CLANG_WARN_ENUM_CONVERSION = YES;
				CLANG_WARN_INFINITE_RECURSION = YES;
				CLANG_WARN_INT_CONVERSION = YES;
				CLANG_WARN_NON_LITERAL_NULL_CONVERSION = YES;
				CLANG_WARN_OBJC_IMPLICIT_RETAIN_SELF = YES;
				CLANG_WARN_OBJC_LITERAL_CONVERSION = YES;
				CLANG_WARN_OBJC_ROOT_CLASS = YES_ERROR;
				CLANG_WARN_QUOTED_INCLUDE_IN_FRAMEWORK_HEADER = YES;
				CLANG_WARN_RANGE_LOOP_ANALYSIS = YES;
				CLANG_WARN_STRICT_PROTOTYPES = YES;
				CLANG_WARN_SUSPICIOUS_MOVE = YES;
				CLANG_WARN_UNGUARDED_AVAILABILITY = YES_AGGRESSIVE;
				CLANG_WARN_UNREACHABLE_CODE = YES;
				CLANG_WARN__DUPLICATE_METHOD_MATCH = YES;
				COPY_PHASE_STRIP = NO;
				DEBUG_INFORMATION_FORMAT = "dwarf-with-dsym";
				ENABLE_NS_ASSERTIONS = NO;
				ENABLE_STRICT_OBJC_MSGSEND = YES;
				ENABLE_USER_SCRIPT_SANDBOXING = YES;
				GCC_C_LANGUAGE_STANDARD = gnu17;
				GCC_NO_COMMON_BLOCKS = YES;
				GCC_WARN_64_TO_32_BIT_CONVERSION = YES;
				GCC_WARN_ABOUT_RETURN_TYPE = YES_ERROR;
				GCC_WARN_UNDECLARED_SELECTOR = YES;
				GCC_WARN_UNINITIALIZED_AUTOS = YES_AGGRESSIVE;
				GCC_WARN_UNUSED_FUNCTION = YES;
				GCC_WARN_UNUSED_VARIABLE = YES;
				IPHONEOS_DEPLOYMENT_TARGET = 17.5;
				LOCALIZATION_PREFERS_STRING_CATALOGS = YES;
				MTL_ENABLE_DEBUG_INFO = NO;
				MTL_FAST_MATH = YES;
				SDKROOT = iphoneos;
				SWIFT_COMPILATION_MODE = wholemodule;
				VALIDATE_PRODUCT = YES;
			};
			name = Release;
		};
		8C839FF92C4AEE06005B4D35 /* Debug */ = {
			isa = XCBuildConfiguration;
			buildSettings = {
				ASSETCATALOG_COMPILER_APPICON_NAME = AppIcon;
				ASSETCATALOG_COMPILER_GLOBAL_ACCENT_COLOR_NAME = AccentColor;
				CODE_SIGN_STYLE = Automatic;
				CURRENT_PROJECT_VERSION = 1;
				DEVELOPMENT_TEAM = JUY6LY9322;
				GENERATE_INFOPLIST_FILE = YES;
				INFOPLIST_FILE = DependencyInjectionAndSwinject/Info.plist;
				INFOPLIST_KEY_UIApplicationSupportsIndirectInputEvents = YES;
				INFOPLIST_KEY_UILaunchStoryboardName = LaunchScreen;
				INFOPLIST_KEY_UIMainStoryboardFile = Main;
				INFOPLIST_KEY_UISupportedInterfaceOrientations_iPad = "UIInterfaceOrientationPortrait UIInterfaceOrientationPortraitUpsideDown UIInterfaceOrientationLandscapeLeft UIInterfaceOrientationLandscapeRight";
				INFOPLIST_KEY_UISupportedInterfaceOrientations_iPhone = "UIInterfaceOrientationPortrait UIInterfaceOrientationLandscapeLeft UIInterfaceOrientationLandscapeRight";
				LD_RUNPATH_SEARCH_PATHS = (
					"$(inherited)",
					"@executable_path/Frameworks",
				);
				MARKETING_VERSION = 1.0;
				PRODUCT_BUNDLE_IDENTIFIER = com.NGiDeveloper.DependencyInjectionAndSwinject;
				PRODUCT_NAME = "$(TARGET_NAME)";
				SWIFT_EMIT_LOC_STRINGS = YES;
				SWIFT_VERSION = 5.0;
				TARGETED_DEVICE_FAMILY = "1,2";
			};
			name = Debug;
		};
		8C839FFA2C4AEE06005B4D35 /* Release */ = {
			isa = XCBuildConfiguration;
			buildSettings = {
				ASSETCATALOG_COMPILER_APPICON_NAME = AppIcon;
				ASSETCATALOG_COMPILER_GLOBAL_ACCENT_COLOR_NAME = AccentColor;
				CODE_SIGN_STYLE = Automatic;
				CURRENT_PROJECT_VERSION = 1;
				DEVELOPMENT_TEAM = JUY6LY9322;
				GENERATE_INFOPLIST_FILE = YES;
				INFOPLIST_FILE = DependencyInjectionAndSwinject/Info.plist;
				INFOPLIST_KEY_UIApplicationSupportsIndirectInputEvents = YES;
				INFOPLIST_KEY_UILaunchStoryboardName = LaunchScreen;
				INFOPLIST_KEY_UIMainStoryboardFile = Main;
				INFOPLIST_KEY_UISupportedInterfaceOrientations_iPad = "UIInterfaceOrientationPortrait UIInterfaceOrientationPortraitUpsideDown UIInterfaceOrientationLandscapeLeft UIInterfaceOrientationLandscapeRight";
				INFOPLIST_KEY_UISupportedInterfaceOrientations_iPhone = "UIInterfaceOrientationPortrait UIInterfaceOrientationLandscapeLeft UIInterfaceOrientationLandscapeRight";
				LD_RUNPATH_SEARCH_PATHS = (
					"$(inherited)",
					"@executable_path/Frameworks",
				);
				MARKETING_VERSION = 1.0;
				PRODUCT_BUNDLE_IDENTIFIER = com.NGiDeveloper.DependencyInjectionAndSwinject;
				PRODUCT_NAME = "$(TARGET_NAME)";
				SWIFT_EMIT_LOC_STRINGS = YES;
				SWIFT_VERSION = 5.0;
				TARGETED_DEVICE_FAMILY = "1,2";
			};
			name = Release;
		};
/* End XCBuildConfiguration section */

/* Begin XCConfigurationList section */
		8C839FDF2C4AEE04005B4D35 /* Build configuration list for PBXProject "DependencyInjectionAndSwinject" */ = {
			isa = XCConfigurationList;
			buildConfigurations = (
				8C839FF62C4AEE06005B4D35 /* Debug */,
				8C839FF72C4AEE06005B4D35 /* Release */,
			);
			defaultConfigurationIsVisible = 0;
			defaultConfigurationName = Release;
		};
		8C839FF82C4AEE06005B4D35 /* Build configuration list for PBXNativeTarget "DependencyInjectionAndSwinject" */ = {
			isa = XCConfigurationList;
			buildConfigurations = (
				8C839FF92C4AEE06005B4D35 /* Debug */,
				8C839FFA2C4AEE06005B4D35 /* Release */,
			);
			defaultConfigurationIsVisible = 0;
			defaultConfigurationName = Release;
		};
/* End XCConfigurationList section */

/* Begin XCRemoteSwiftPackageReference section */
		8C839FFB2C4AEEA9005B4D35 /* XCRemoteSwiftPackageReference "Swinject" */ = {
			isa = XCRemoteSwiftPackageReference;
			repositoryURL = "https://github.com/Swinject/Swinject.git";
			requirement = {
				kind = upToNextMajorVersion;
				minimumVersion = 2.9.1;
			};
		};
/* End XCRemoteSwiftPackageReference section */

/* Begin XCSwiftPackageProductDependency section */
		8C839FFC2C4AEEA9005B4D35 /* Swinject */ = {
			isa = XCSwiftPackageProductDependency;
			package = 8C839FFB2C4AEEA9005B4D35 /* XCRemoteSwiftPackageReference "Swinject" */;
			productName = Swinject;
		};
/* End XCSwiftPackageProductDependency section */
	};
	rootObject = 8C839FDC2C4AEE04005B4D35 /* Project object */;
}
